
Microsoft Visual Studio Solution File, Format Version 12.00
# Visual Studio 14
VisualStudioVersion = 14.0.24720.0
MinimumVisualStudioVersion = 10.0.40219.1
Project("{FAE04EC0-301F-11D3-BF4B-00C04F79EFBC}") = "NewtonRootMSTestLibrary", "NewtonRootMSTestLibrary\NewtonRootMSTestLibrary.csproj", "{5E0288C0-537A-47AD-9FDD-FD9A5C0B4DBE}"
EndProject
Project("{FAE04EC0-301F-11D3-BF4B-00C04F79EFBC}") = "NewtonRootNUnitTestLibrary", "NewtonRootNUnitTestLibrary\NewtonRootNUnitTestLibrary.csproj", "{B7C9032E-6C10-42B2-A97A-65E7B0179F88}"
EndProject
Project("{FAE04EC0-301F-11D3-BF4B-00C04F79EFBC}") = "Task2", "Task2\Task2.csproj", "{F6351B35-681C-41D5-A6C7-C7563052A6E5}"
EndProject
Project("{FAE04EC0-301F-11D3-BF4B-00C04F79EFBC}") = "Task3", "Task3\Task3.csproj", "{515035DC-675E-48CF-9065-2851C44F7B62}"
EndProject
Project("{FAE04EC0-301F-11D3-BF4B-00C04F79EFBC}") = "Task4", "Task4\Task4.csproj", "{3AFE4571-3AC4-4AEB-AE00-EE39B8816486}"
EndProject
Project("{FAE04EC0-301F-11D3-BF4B-00C04F79EFBC}") = "Task2_MSUnitTest", "Task2_MSTest\Task2_MSUnitTest.csproj", "{7109DAE2-5BE4-4BFD-A30F-9BDFC33358B7}"
EndProject
Project("{FAE04EC0-301F-11D3-BF4B-00C04F79EFBC}") = "Task4_NUnitTest", "Task4_NUnitTest\Task4_NUnitTest.csproj", "{F7E0EB6E-74BC-4080-B261-B7F618CD638D}"
EndProject
Project("{FAE04EC0-301F-11D3-BF4B-00C04F79EFBC}") = "Task4_MSUnitTest", "Test4_MSUnitTest\Task4_MSUnitTest.csproj", "{29C1102B-8A56-4E5C-814E-071ECC3742C2}"
EndProject
Project("{FAE04EC0-301F-11D3-BF4B-00C04F79EFBC}") = "Task3_MSUnitTest", "Task3_MSUnitTests\Task3_MSUnitTest.csproj", "{214C703F-F684-460F-9387-377D89874588}"
EndProject
Project("{FAE04EC0-301F-11D3-BF4B-00C04F79EFBC}") = "Task2_NUnitTest", "Task2_NUnitTest\Task2_NUnitTest.csproj", "{8A43C740-98A4-4211-BF18-28B647D0A46A}"
EndProject
Project("{FAE04EC0-301F-11D3-BF4B-00C04F79EFBC}") = "Task3_NUnitTest", "Task3_NUnitTest\Task3_NUnitTest.csproj", "{4CFDEA15-05E0-49AD-9304-64FAF734BA5A}"
EndProject
Global
	GlobalSection(SolutionConfigurationPlatforms) = preSolution
		Debug|Any CPU = Debug|Any CPU
		Release|Any CPU = Release|Any CPU
	EndGlobalSection
	GlobalSection(ProjectConfigurationPlatforms) = postSolution
		{5E0288C0-537A-47AD-9FDD-FD9A5C0B4DBE}.Debug|Any CPU.ActiveCfg = Debug|Any CPU
		{5E0288C0-537A-47AD-9FDD-FD9A5C0B4DBE}.Debug|Any CPU.Build.0 = Debug|Any CPU
		{5E0288C0-537A-47AD-9FDD-FD9A5C0B4DBE}.Release|Any CPU.ActiveCfg = Release|Any CPU
		{5E0288C0-537A-47AD-9FDD-FD9A5C0B4DBE}.Release|Any CPU.Build.0 = Release|Any CPU
		{B7C9032E-6C10-42B2-A97A-65E7B0179F88}.Debug|Any CPU.ActiveCfg = Debug|Any CPU
		{B7C9032E-6C10-42B2-A97A-65E7B0179F88}.Debug|Any CPU.Build.0 = Debug|Any CPU
		{B7C9032E-6C10-42B2-A97A-65E7B0179F88}.Release|Any CPU.ActiveCfg = Release|Any CPU
		{B7C9032E-6C10-42B2-A97A-65E7B0179F88}.Release|Any CPU.Build.0 = Release|Any CPU
		{F6351B35-681C-41D5-A6C7-C7563052A6E5}.Debug|Any CPU.ActiveCfg = Debug|Any CPU
		{F6351B35-681C-41D5-A6C7-C7563052A6E5}.Debug|Any CPU.Build.0 = Debug|Any CPU
		{F6351B35-681C-41D5-A6C7-C7563052A6E5}.Release|Any CPU.ActiveCfg = Release|Any CPU
		{F6351B35-681C-41D5-A6C7-C7563052A6E5}.Release|Any CPU.Build.0 = Release|Any CPU
		{515035DC-675E-48CF-9065-2851C44F7B62}.Debug|Any CPU.ActiveCfg = Debug|Any CPU
		{515035DC-675E-48CF-9065-2851C44F7B62}.Debug|Any CPU.Build.0 = Debug|Any CPU
		{515035DC-675E-48CF-9065-2851C44F7B62}.Release|Any CPU.ActiveCfg = Release|Any CPU
		{515035DC-675E-48CF-9065-2851C44F7B62}.Release|Any CPU.Build.0 = Release|Any CPU
		{3AFE4571-3AC4-4AEB-AE00-EE39B8816486}.Debug|Any CPU.ActiveCfg = Debug|Any CPU
		{3AFE4571-3AC4-4AEB-AE00-EE39B8816486}.Debug|Any CPU.Build.0 = Debug|Any CPU
		{3AFE4571-3AC4-4AEB-AE00-EE39B8816486}.Release|Any CPU.ActiveCfg = Release|Any CPU
		{3AFE4571-3AC4-4AEB-AE00-EE39B8816486}.Release|Any CPU.Build.0 = Release|Any CPU
		{7109DAE2-5BE4-4BFD-A30F-9BDFC33358B7}.Debug|Any CPU.ActiveCfg = Debug|Any CPU
		{7109DAE2-5BE4-4BFD-A30F-9BDFC33358B7}.Debug|Any CPU.Build.0 = Debug|Any CPU
		{7109DAE2-5BE4-4BFD-A30F-9BDFC33358B7}.Release|Any CPU.ActiveCfg = Release|Any CPU
		{7109DAE2-5BE4-4BFD-A30F-9BDFC33358B7}.Release|Any CPU.Build.0 = Release|Any CPU
		{F7E0EB6E-74BC-4080-B261-B7F618CD638D}.Debug|Any CPU.ActiveCfg = Debug|Any CPU
		{F7E0EB6E-74BC-4080-B261-B7F618CD638D}.Debug|Any CPU.Build.0 = Debug|Any CPU
		{F7E0EB6E-74BC-4080-B261-B7F618CD638D}.Release|Any CPU.ActiveCfg = Release|Any CPU
		{F7E0EB6E-74BC-4080-B261-B7F618CD638D}.Release|Any CPU.Build.0 = Release|Any CPU
		{29C1102B-8A56-4E5C-814E-071ECC3742C2}.Debug|Any CPU.ActiveCfg = Debug|Any CPU
		{29C1102B-8A56-4E5C-814E-071ECC3742C2}.Debug|Any CPU.Build.0 = Debug|Any CPU
		{29C1102B-8A56-4E5C-814E-071ECC3742C2}.Release|Any CPU.ActiveCfg = Release|Any CPU
		{29C1102B-8A56-4E5C-814E-071ECC3742C2}.Release|Any CPU.Build.0 = Release|Any CPU
		{214C703F-F684-460F-9387-377D89874588}.Debug|Any CPU.ActiveCfg = Debug|Any CPU
		{214C703F-F684-460F-9387-377D89874588}.Debug|Any CPU.Build.0 = Debug|Any CPU
		{214C703F-F684-460F-9387-377D89874588}.Release|Any CPU.ActiveCfg = Release|Any CPU
		{214C703F-F684-460F-9387-377D89874588}.Release|Any CPU.Build.0 = Release|Any CPU
		{8A43C740-98A4-4211-BF18-28B647D0A46A}.Debug|Any CPU.ActiveCfg = Debug|Any CPU
		{8A43C740-98A4-4211-BF18-28B647D0A46A}.Debug|Any CPU.Build.0 = Debug|Any CPU
		{8A43C740-98A4-4211-BF18-28B647D0A46A}.Release|Any CPU.ActiveCfg = Release|Any CPU
		{8A43C740-98A4-4211-BF18-28B647D0A46A}.Release|Any CPU.Build.0 = Release|Any CPU
		{4CFDEA15-05E0-49AD-9304-64FAF734BA5A}.Debug|Any CPU.ActiveCfg = Debug|Any CPU
		{4CFDEA15-05E0-49AD-9304-64FAF734BA5A}.Debug|Any CPU.Build.0 = Debug|Any CPU
		{4CFDEA15-05E0-49AD-9304-64FAF734BA5A}.Release|Any CPU.ActiveCfg = Release|Any CPU
		{4CFDEA15-05E0-49AD-9304-64FAF734BA5A}.Release|Any CPU.Build.0 = Release|Any CPU
	EndGlobalSection
	GlobalSection(SolutionProperties) = preSolution
		HideSolutionNode = FALSE
	EndGlobalSection
EndGlobal
